# THIS IS AN AUTOGENERATED FILE. DO NOT EDIT THIS FILE DIRECTLY.
# yarn lockfile v1


"@types/geojson@*":
  version "7946.0.7"
  resolved "https://registry.yarnpkg.com/@types/geojson/-/geojson-7946.0.7.tgz#c8fa532b60a0042219cdf173ca21a975ef0666ad"
  integrity sha512-wE2v81i4C4Ol09RtsWFAqg3BUitWbHSpSlIo+bNdsCJijO9sjme+zm+73ZMCa/qMC8UEERxzGbvmr1cffo2SiQ==

"@types/leaflet@^1.5.10":
  version "1.5.10"
  resolved "https://registry.yarnpkg.com/@types/leaflet/-/leaflet-1.5.10.tgz#a728752877980216b3215bf07359fa7765f9825b"
  integrity sha512-KD9sIS9F/Mp6KiXFeN7tyXbF2EUnm1WCYR5fUq30OCUXeJmK9raWPHtB9uwdWm6k26KTsy9etp9XSPNpbJooOQ==
  dependencies:
    "@types/geojson" "*"
